
Microsoft Visual Studio Solution File, Format Version 12.00
# Visual Studio Version 17
VisualStudioVersion = 17.4.33205.214
MinimumVisualStudioVersion = 10.0.40219.1
Project("{FAE04EC0-301F-11D3-BF4B-00C04F79EFBC}") = "Inventario en Blazor", "Inventario en Blazor\Inventario en Blazor.csproj", "{82D306B3-C4C9-443B-BAEF-60EB8A16A696}"
EndProject
Global
	GlobalSection(SolutionConfigurationPlatforms) = preSolution
		Debug|Any CPU = Debug|Any CPU
		Release|Any CPU = Release|Any CPU
	EndGlobalSection
	GlobalSection(ProjectConfigurationPlatforms) = postSolution
		{82D306B3-C4C9-443B-BAEF-60EB8A16A696}.Debug|Any CPU.ActiveCfg = Debug|Any CPU
		{82D306B3-C4C9-443B-BAEF-60EB8A16A696}.Debug|Any CPU.Build.0 = Debug|Any CPU
		{82D306B3-C4C9-443B-BAEF-60EB8A16A696}.Release|Any CPU.ActiveCfg = Release|Any CPU
		{82D306B3-C4C9-443B-BAEF-60EB8A16A696}.Release|Any CPU.Build.0 = Release|Any CPU
	EndGlobalSection
	GlobalSection(SolutionProperties) = preSolution
		HideSolutionNode = FALSE
	EndGlobalSection
	GlobalSection(ExtensibilityGlobals) = postSolution
		SolutionGuid = {12989C9F-232B-4439-89DB-6D199DF8D99D}
	EndGlobalSection
EndGlobal
